{
  "name": "quotidian-quotables-bsky-bot",
  "version": "1.0.0",
  "lockfileVersion": 3,
  "requires": true,
  "packages": {
    "": {
      "name": "quotidian-quotables-bsky-bot",
      "version": "1.0.0",
      "license": "ISC",
      "dependencies": {
        "@atproto/api": "^0.6.20",
        "dotenv": "^16.3.1",
        "process": "^0.11.10"
      }
    },
    "node_modules/@atproto/api": {
      "version": "0.6.24",
      "resolved": "https://registry.npmjs.org/@atproto/api/-/api-0.6.24.tgz",
      "integrity": "sha512-y3gz0F5wYAtaZ5XYL8FqXW90sOnXHlh4Cir+hjrlSftSoNJcTVR+6dKT5m0ZTqqvFoFryTPKs6BEQy/VBCsNxg==",
      "license": "MIT",
      "dependencies": {
        "@atproto/common-web": "^0.2.3",
        "@atproto/lexicon": "^0.3.1",
        "@atproto/syntax": "^0.1.5",
        "@atproto/xrpc": "^0.4.1",
        "multiformats": "^9.9.0",
        "tlds": "^1.234.0",
        "typed-emitter": "^2.1.0",
        "zod": "^3.21.4"
      }
    },
    "node_modules/@atproto/common-web": {
      "version": "0.2.4",
      "resolved": "https://registry.npmjs.org/@atproto/common-web/-/common-web-0.2.4.tgz",
      "integrity": "sha512-6+DOhQcTklFmeiSkZRx6iFeqi4OFtGl4yEDGATk00q4tEcPoPvyOBtYHN6+G9lrfJIfx5RfmggamvXlJv1PxxA==",
      "license": "MIT",
      "dependencies": {
        "graphemer": "^1.4.0",
        "multiformats": "^9.9.0",
        "uint8arrays": "3.0.0",
        "zod": "^3.21.4"
      }
    },
    "node_modules/@atproto/lexicon": {
      "version": "0.3.3",
      "resolved": "https://registry.npmjs.org/@atproto/lexicon/-/lexicon-0.3.3.tgz",
      "integrity": "sha512-6FOjdc3V05JKrtkhjfhHMS7f/4hMJOeHNtoE3Na7iFMpzBz0Lw5sw8kIFKY8pc8IG79qGcFgELyHLsljZYX+5A==",
      "license": "MIT",
      "dependencies": {
        "@atproto/common-web": "^0.2.4",
        "@atproto/syntax": "^0.2.1",
        "iso-datestring-validator": "^2.2.2",
        "multiformats": "^9.9.0",
        "zod": "^3.21.4"
      }
    },
    "node_modules/@atproto/lexicon/node_modules/@atproto/syntax": {
      "version": "0.2.1",
      "resolved": "https://registry.npmjs.org/@atproto/syntax/-/syntax-0.2.1.tgz",
      "integrity": "sha512-ImOuiICtB5h78j90hAYOfTYzr5q5Wut0irNdELiogA3i74a8EXThe+j6Tj8snanYggrShbu5c6BDc1tVj477Yw==",
      "license": "MIT",
      "dependencies": {
        "@atproto/common-web": "^0.2.4"
      }
    },
    "node_modules/@atproto/syntax": {
      "version": "0.1.5",
      "resolved": "https://registry.npmjs.org/@atproto/syntax/-/syntax-0.1.5.tgz",
      "integrity": "sha512-pbY5lOnThoAbsmrdbN9LC/dNmckfqODJiX9zjW2t3BIHYFeGBc6w9bK3Vre8A0Hg8yWkQpv6gaBLu+ykgi2DJQ==",
      "license": "MIT",
      "dependencies": {
        "@atproto/common-web": "^0.2.3"
      }
    },
    "node_modules/@atproto/xrpc": {
      "version": "0.4.3",
      "resolved": "https://registry.npmjs.org/@atproto/xrpc/-/xrpc-0.4.3.tgz",
      "integrity": "sha512-0rn3abHORG0T93mci8WW97Cpg2ClU2aCtTq5rxdCPRsl9P4tyP+8F4snbkrIaMbVO05Rd9D9gFwtWs5Z473pCQ==",
      "license": "MIT",
      "dependencies": {
        "@atproto/lexicon": "^0.3.3",
        "zod": "^3.21.4"
      }
    },
    "node_modules/dotenv": {
      "version": "16.4.5",
      "resolved": "https://registry.npmjs.org/dotenv/-/dotenv-16.4.5.tgz",
      "integrity": "sha512-ZmdL2rui+eB2YwhsWzjInR8LldtZHGDoQ1ugH85ppHKwpUHL7j7rN0Ti9NCnGiQbhaZ11FpR+7ao1dNsmduNUg==",
      "license": "BSD-2-Clause",
      "engines": {
        "node": ">=12"
      },
      "funding": {
        "url": "https://dotenvx.com"
      }
    },
    "node_modules/graphemer": {
      "version": "1.4.0",
      "resolved": "https://registry.npmjs.org/graphemer/-/graphemer-1.4.0.tgz",
      "integrity": "sha512-EtKwoO6kxCL9WO5xipiHTZlSzBm7WLT627TqC/uVRd0HKmq8NXyebnNYxDoBi7wt8eTWrUrKXCOVaFq9x1kgag==",
      "license": "MIT"
    },
    "node_modules/iso-datestring-validator": {
      "version": "2.2.2",
      "resolved": "https://registry.npmjs.org/iso-datestring-validator/-/iso-datestring-validator-2.2.2.tgz",
      "integrity": "sha512-yLEMkBbLZTlVQqOnQ4FiMujR6T4DEcCb1xizmvXS+OxuhwcbtynoosRzdMA69zZCShCNAbi+gJ71FxZBBXx1SA==",
      "license": "MIT"
    },
    "node_modules/multiformats": {
      "version": "9.9.0",
      "resolved": "https://registry.npmjs.org/multiformats/-/multiformats-9.9.0.tgz",
      "integrity": "sha512-HoMUjhH9T8DDBNT+6xzkrd9ga/XiBI4xLr58LJACwK6G3HTOPeMz4nB4KJs33L2BelrIJa7P0VuNaVF3hMYfjg==",
      "license": "(Apache-2.0 AND MIT)"
    },
    "node_modules/process": {
      "version": "0.11.10",
      "resolved": "https://registry.npmjs.org/process/-/process-0.11.10.tgz",
      "integrity": "sha512-cdGef/drWFoydD1JsMzuFf8100nZl+GT+yacc2bEced5f9Rjk4z+WtFUTBu9PhOi9j/jfmBPu0mMEY4wIdAF8A==",
      "license": "MIT",
      "engines": {
        "node": ">= 0.6.0"
      }
    },
    "node_modules/rxjs": {
      "version": "7.8.1",
      "resolved": "https://registry.npmjs.org/rxjs/-/rxjs-7.8.1.tgz",
      "integrity": "sha512-AA3TVj+0A2iuIoQkWEK/tqFjBq2j+6PO6Y0zJcvzLAFhEFIO3HL0vls9hWLncZbAAbK0mar7oZ4V079I/qPMxg==",
      "license": "Apache-2.0",
      "optional": true,
      "dependencies": {
        "tslib": "^2.1.0"
      }
    },
    "node_modules/tlds": {
      "version": "1.254.0",
      "resolved": "https://registry.npmjs.org/tlds/-/tlds-1.254.0.tgz",
      "integrity": "sha512-YY4ei7K7gPGifqNSrfMaPdqTqiHcwYKUJ7zhLqQOK2ildlGgti5TSwJiXXN1YqG17I2GYZh5cZqv2r5fwBUM+w==",
      "license": "MIT",
      "bin": {
        "tlds": "bin.js"
      }
    },
    "node_modules/tslib": {
      "version": "2.7.0",
      "resolved": "https://registry.npmjs.org/tslib/-/tslib-2.7.0.tgz",
      "integrity": "sha512-gLXCKdN1/j47AiHiOkJN69hJmcbGTHI0ImLmbYLHykhgeN0jVGola9yVjFgzCUklsZQMW55o+dW7IXv3RCXDzA==",
      "license": "0BSD",
      "optional": true
    },
    "node_modules/typed-emitter": {
      "version": "2.1.0",
      "resolved": "https://registry.npmjs.org/typed-emitter/-/typed-emitter-2.1.0.tgz",
      "integrity": "sha512-g/KzbYKbH5C2vPkaXGu8DJlHrGKHLsM25Zg9WuC9pMGfuvT+X25tZQWo5fK1BjBm8+UrVE9LDCvaY0CQk+fXDA==",
      "license": "MIT",
      "optionalDependencies": {
        "rxjs": "*"
      }
    },
    "node_modules/uint8arrays": {
      "version": "3.0.0",
      "resolved": "https://registry.npmjs.org/uint8arrays/-/uint8arrays-3.0.0.tgz",
      "integrity": "sha512-HRCx0q6O9Bfbp+HHSfQQKD7wU70+lydKVt4EghkdOvlK/NlrF90z+eXV34mUd48rNvVJXwkrMSPpCATkct8fJA==",
      "license": "MIT",
      "dependencies": {
        "multiformats": "^9.4.2"
      }
    },
    "node_modules/zod": {
      "version": "3.23.8",
      "resolved": "https://registry.npmjs.org/zod/-/zod-3.23.8.tgz",
      "integrity": "sha512-XBx9AXhXktjUqnepgTiE5flcKIYWi/rme0Eaj+5Y0lftuGBq+jyRu/md4WnuxqgP1ubdpNCsYEYPxrzVHD8d6g==",
      "license": "MIT",
      "funding": {
        "url": "https://github.com/sponsors/colinhacks"
      }
    }
  }
}
